PODS:
  - Alamofire (2.0.2)
  - KFSwiftImageLoader (2.0.1)
  - PKHUD (3.1.0)
  - ReactiveCocoa (4.0.1):
    - ReactiveCocoa/UI (= 4.0.1)
    - Result (~> 1.0.2)
  - ReactiveCocoa/Core (4.0.1):
    - ReactiveCocoa/no-arc
    - Result (~> 1.0.2)
  - ReactiveCocoa/no-arc (4.0.1):
    - Result (~> 1.0.2)
  - ReactiveCocoa/UI (4.0.1):
    - ReactiveCocoa/Core
    - Result (~> 1.0.2)
  - Result (1.0.2)
  - SDWebImage (3.7.5):
    - SDWebImage/Core (= 3.7.5)
  - SDWebImage/Core (3.7.5)
  - SnapKit (0.15.0)

DEPENDENCIES:
  - Alamofire (~> 2.0)
  - KFSwiftImageLoader (~> 2.0)
  - PKHUD
  - ReactiveCocoa (~> 4.0.1)
  - SDWebImage (~> 3.7)
  - SnapKit (~> 0.15.0)

SPEC CHECKSUMS:
  Alamofire: 8edbab00802a752bb5240cc2abe70e7e881488ad
  KFSwiftImageLoader: a2b8a33a89116c767e7af8d2c109e8c483037b19
  PKHUD: 4167eccdb1b3a892fd80ce2b51cb6ba412a889ab
  ReactiveCocoa: f7011630aee4deeb16352fcb1b50d6bde9db4f90
  Result: dd3dd71af3fa2e262f1a999e14fba2c25ec14f16
  SDWebImage: 69c6303e3348fba97e03f65d65d4fbc26740f461
  SnapKit: 4962eed2ee18e48cbd2b2292fffc57efe7235f87

COCOAPODS: 0.39.0
